
Microsoft Visual Studio Solution File, Format Version 12.00
# Visual Studio Version 17
VisualStudioVersion = 17.0.31903.59
MinimumVisualStudioVersion = 10.0.40219.1
Project("{2150E333-8FDC-42A3-9474-1A3956D46DE8}") = "src", "src", "{827E0CD3-B72D-47B6-A68D-7590B98EB39B}"
EndProject
Project("{FAE04EC0-301F-11D3-BF4B-00C04F79EFBC}") = "Library.Domain", "src\Library.Domain\Library.Domain.csproj", "{C3EE3B54-948F-4515-B605-6F79BBEE087F}"
EndProject
Project("{FAE04EC0-301F-11D3-BF4B-00C04F79EFBC}") = "Library.Contracts", "src\Library.Contracts\Library.Contracts.csproj", "{F0AC10E0-F705-4EEB-976B-848C6F6B4579}"
EndProject
Project("{FAE04EC0-301F-11D3-BF4B-00C04F79EFBC}") = "Library.Application", "src\Library.Application\Library.Application.csproj", "{503293B6-87E9-4B9E-8A1E-2515B20734EE}"
EndProject
Project("{FAE04EC0-301F-11D3-BF4B-00C04F79EFBC}") = "Library.Infrastructure", "src\Library.Infrastructure\Library.Infrastructure.csproj", "{59D338BC-9303-4E5F-A77C-E292121639BA}"
EndProject
Project("{FAE04EC0-301F-11D3-BF4B-00C04F79EFBC}") = "Library.ServiceDefaults", "src\Library.ServiceDefaults\Library.ServiceDefaults.csproj", "{FE2A8503-0922-4A83-9BEB-3AF2717C7D02}"
EndProject
Project("{FAE04EC0-301F-11D3-BF4B-00C04F79EFBC}") = "Library.Grpc", "src\Library.Grpc\Library.Grpc.csproj", "{AA3EC2AD-EA0F-47E9-806B-B42B834736CE}"
EndProject
Project("{FAE04EC0-301F-11D3-BF4B-00C04F79EFBC}") = "Library.Api", "src\Library.Api\Library.Api.csproj", "{0C9E0373-D355-49FC-AF69-E1788BB28CE5}"
EndProject
Project("{FAE04EC0-301F-11D3-BF4B-00C04F79EFBC}") = "Library.Warmups", "src\Library.Warmups\Library.Warmups.csproj", "{D72CC2AE-2B56-483E-B191-DD8CA6E245EE}"
EndProject
Project("{2150E333-8FDC-42A3-9474-1A3956D46DE8}") = "apphost", "apphost", "{90DCE71B-4939-B80A-CE8C-85DE2210C7AC}"
EndProject
Project("{FAE04EC0-301F-11D3-BF4B-00C04F79EFBC}") = "Library.AppHost", "apphost\Library.AppHost\Library.AppHost.csproj", "{4DD69E60-69C5-43F3-938D-029D04A84081}"
EndProject
Project("{2150E333-8FDC-42A3-9474-1A3956D46DE8}") = "tests", "tests", "{0AB3BF05-4346-4AA6-1389-037BE0695223}"
EndProject
Project("{FAE04EC0-301F-11D3-BF4B-00C04F79EFBC}") = "Library.UnitTests.Domain", "tests\Library.UnitTests.Domain\Library.UnitTests.Domain.csproj", "{5AE65E75-D3E0-4364-BA53-318DA5B85439}"
EndProject
Project("{FAE04EC0-301F-11D3-BF4B-00C04F79EFBC}") = "Library.UnitTests.Application", "tests\Library.UnitTests.Application\Library.UnitTests.Application.csproj", "{6788F656-81DD-49C6-8EF0-CA872331F656}"
EndProject
Project("{FAE04EC0-301F-11D3-BF4B-00C04F79EFBC}") = "Library.IntegrationTests.Infrastructure", "tests\Library.IntegrationTests.Infrastructure\Library.IntegrationTests.Infrastructure.csproj", "{55B7D9C5-AD0A-46D8-900A-5BB9E8D23257}"
EndProject
Project("{FAE04EC0-301F-11D3-BF4B-00C04F79EFBC}") = "Library.FunctionalTests.Grpc", "tests\Library.FunctionalTests.Grpc\Library.FunctionalTests.Grpc.csproj", "{F3117B43-58C2-4757-8B33-8ED0E89E3482}"
EndProject
Project("{FAE04EC0-301F-11D3-BF4B-00C04F79EFBC}") = "Library.SystemTests.Api", "tests\Library.SystemTests.Api\Library.SystemTests.Api.csproj", "{A30D80AB-DD68-4644-864B-4A284A4C2852}"
EndProject
Project("{2150E333-8FDC-42A3-9474-1A3956D46DE8}") = "config", "config", "{02EA681E-C7D8-13C7-8484-4AC65E1B71E8}"
	ProjectSection(SolutionItems) = preProject
		.dockerignore = .dockerignore
		.editorconfig = .editorconfig
		.vs\cleanup.ini = .vs\cleanup.ini
		Directory.Packages.props = Directory.Packages.props
	EndProjectSection
EndProject
Project("{2150E333-8FDC-42A3-9474-1A3956D46DE8}") = "docs", "docs", "{F3E9213D-1DB2-43BC-B3E1-D562E3F27215}"
	ProjectSection(SolutionItems) = preProject
		LICENSE = LICENSE
		README.md = README.md
	EndProjectSection
EndProject
Project("{2150E333-8FDC-42A3-9474-1A3956D46DE8}") = "build", "build", "{D8CE8953-CFE5-4F1A-909D-F7994D31A67B}"
	ProjectSection(SolutionItems) = preProject
		Directory.Build.props = Directory.Build.props
	EndProjectSection
EndProject
Project("{2150E333-8FDC-42A3-9474-1A3956D46DE8}") = "deploy", "deploy", "{7DC17D2F-C67F-4FAF-A14E-1AD38622DF64}"
	ProjectSection(SolutionItems) = preProject
		deploy\.env.example = deploy\.env.example
		docker-compose.yml = docker-compose.yml
		deploy\Dockerfile.api = deploy\Dockerfile.api
		deploy\Dockerfile.grpc = deploy\Dockerfile.grpc
		deploy\README.md = deploy\README.md
	EndProjectSection
EndProject
Project("{FAE04EC0-301F-11D3-BF4B-00C04F79EFBC}") = "Library.MigrationService", "src\Library.MigrationService\Library.MigrationService.csproj", "{78C1161D-C9DF-9EF1-E092-7B4B4D24216A}"
EndProject
Global
	GlobalSection(SolutionConfigurationPlatforms) = preSolution
		Debug|Any CPU = Debug|Any CPU
		Debug|x64 = Debug|x64
		Debug|x86 = Debug|x86
		Release|Any CPU = Release|Any CPU
		Release|x64 = Release|x64
		Release|x86 = Release|x86
	EndGlobalSection
	GlobalSection(ProjectConfigurationPlatforms) = postSolution
		{C3EE3B54-948F-4515-B605-6F79BBEE087F}.Debug|Any CPU.ActiveCfg = Debug|Any CPU
		{C3EE3B54-948F-4515-B605-6F79BBEE087F}.Debug|Any CPU.Build.0 = Debug|Any CPU
		{C3EE3B54-948F-4515-B605-6F79BBEE087F}.Debug|x64.ActiveCfg = Debug|Any CPU
		{C3EE3B54-948F-4515-B605-6F79BBEE087F}.Debug|x64.Build.0 = Debug|Any CPU
		{C3EE3B54-948F-4515-B605-6F79BBEE087F}.Debug|x86.ActiveCfg = Debug|Any CPU
		{C3EE3B54-948F-4515-B605-6F79BBEE087F}.Debug|x86.Build.0 = Debug|Any CPU
		{C3EE3B54-948F-4515-B605-6F79BBEE087F}.Release|Any CPU.ActiveCfg = Release|Any CPU
		{C3EE3B54-948F-4515-B605-6F79BBEE087F}.Release|Any CPU.Build.0 = Release|Any CPU
		{C3EE3B54-948F-4515-B605-6F79BBEE087F}.Release|x64.ActiveCfg = Release|Any CPU
		{C3EE3B54-948F-4515-B605-6F79BBEE087F}.Release|x64.Build.0 = Release|Any CPU
		{C3EE3B54-948F-4515-B605-6F79BBEE087F}.Release|x86.ActiveCfg = Release|Any CPU
		{C3EE3B54-948F-4515-B605-6F79BBEE087F}.Release|x86.Build.0 = Release|Any CPU
		{F0AC10E0-F705-4EEB-976B-848C6F6B4579}.Debug|Any CPU.ActiveCfg = Debug|Any CPU
		{F0AC10E0-F705-4EEB-976B-848C6F6B4579}.Debug|Any CPU.Build.0 = Debug|Any CPU
		{F0AC10E0-F705-4EEB-976B-848C6F6B4579}.Debug|x64.ActiveCfg = Debug|Any CPU
		{F0AC10E0-F705-4EEB-976B-848C6F6B4579}.Debug|x64.Build.0 = Debug|Any CPU
		{F0AC10E0-F705-4EEB-976B-848C6F6B4579}.Debug|x86.ActiveCfg = Debug|Any CPU
		{F0AC10E0-F705-4EEB-976B-848C6F6B4579}.Debug|x86.Build.0 = Debug|Any CPU
		{F0AC10E0-F705-4EEB-976B-848C6F6B4579}.Release|Any CPU.ActiveCfg = Release|Any CPU
		{F0AC10E0-F705-4EEB-976B-848C6F6B4579}.Release|Any CPU.Build.0 = Release|Any CPU
		{F0AC10E0-F705-4EEB-976B-848C6F6B4579}.Release|x64.ActiveCfg = Release|Any CPU
		{F0AC10E0-F705-4EEB-976B-848C6F6B4579}.Release|x64.Build.0 = Release|Any CPU
		{F0AC10E0-F705-4EEB-976B-848C6F6B4579}.Release|x86.ActiveCfg = Release|Any CPU
		{F0AC10E0-F705-4EEB-976B-848C6F6B4579}.Release|x86.Build.0 = Release|Any CPU
		{503293B6-87E9-4B9E-8A1E-2515B20734EE}.Debug|Any CPU.ActiveCfg = Debug|Any CPU
		{503293B6-87E9-4B9E-8A1E-2515B20734EE}.Debug|Any CPU.Build.0 = Debug|Any CPU
		{503293B6-87E9-4B9E-8A1E-2515B20734EE}.Debug|x64.ActiveCfg = Debug|Any CPU
		{503293B6-87E9-4B9E-8A1E-2515B20734EE}.Debug|x64.Build.0 = Debug|Any CPU
		{503293B6-87E9-4B9E-8A1E-2515B20734EE}.Debug|x86.ActiveCfg = Debug|Any CPU
		{503293B6-87E9-4B9E-8A1E-2515B20734EE}.Debug|x86.Build.0 = Debug|Any CPU
		{503293B6-87E9-4B9E-8A1E-2515B20734EE}.Release|Any CPU.ActiveCfg = Release|Any CPU
		{503293B6-87E9-4B9E-8A1E-2515B20734EE}.Release|Any CPU.Build.0 = Release|Any CPU
		{503293B6-87E9-4B9E-8A1E-2515B20734EE}.Release|x64.ActiveCfg = Release|Any CPU
		{503293B6-87E9-4B9E-8A1E-2515B20734EE}.Release|x64.Build.0 = Release|Any CPU
		{503293B6-87E9-4B9E-8A1E-2515B20734EE}.Release|x86.ActiveCfg = Release|Any CPU
		{503293B6-87E9-4B9E-8A1E-2515B20734EE}.Release|x86.Build.0 = Release|Any CPU
		{59D338BC-9303-4E5F-A77C-E292121639BA}.Debug|Any CPU.ActiveCfg = Debug|Any CPU
		{59D338BC-9303-4E5F-A77C-E292121639BA}.Debug|Any CPU.Build.0 = Debug|Any CPU
		{59D338BC-9303-4E5F-A77C-E292121639BA}.Debug|x64.ActiveCfg = Debug|Any CPU
		{59D338BC-9303-4E5F-A77C-E292121639BA}.Debug|x64.Build.0 = Debug|Any CPU
		{59D338BC-9303-4E5F-A77C-E292121639BA}.Debug|x86.ActiveCfg = Debug|Any CPU
		{59D338BC-9303-4E5F-A77C-E292121639BA}.Debug|x86.Build.0 = Debug|Any CPU
		{59D338BC-9303-4E5F-A77C-E292121639BA}.Release|Any CPU.ActiveCfg = Release|Any CPU
		{59D338BC-9303-4E5F-A77C-E292121639BA}.Release|Any CPU.Build.0 = Release|Any CPU
		{59D338BC-9303-4E5F-A77C-E292121639BA}.Release|x64.ActiveCfg = Release|Any CPU
		{59D338BC-9303-4E5F-A77C-E292121639BA}.Release|x64.Build.0 = Release|Any CPU
		{59D338BC-9303-4E5F-A77C-E292121639BA}.Release|x86.ActiveCfg = Release|Any CPU
		{59D338BC-9303-4E5F-A77C-E292121639BA}.Release|x86.Build.0 = Release|Any CPU
		{FE2A8503-0922-4A83-9BEB-3AF2717C7D02}.Debug|Any CPU.ActiveCfg = Debug|Any CPU
		{FE2A8503-0922-4A83-9BEB-3AF2717C7D02}.Debug|Any CPU.Build.0 = Debug|Any CPU
		{FE2A8503-0922-4A83-9BEB-3AF2717C7D02}.Debug|x64.ActiveCfg = Debug|Any CPU
		{FE2A8503-0922-4A83-9BEB-3AF2717C7D02}.Debug|x64.Build.0 = Debug|Any CPU
		{FE2A8503-0922-4A83-9BEB-3AF2717C7D02}.Debug|x86.ActiveCfg = Debug|Any CPU
		{FE2A8503-0922-4A83-9BEB-3AF2717C7D02}.Debug|x86.Build.0 = Debug|Any CPU
		{FE2A8503-0922-4A83-9BEB-3AF2717C7D02}.Release|Any CPU.ActiveCfg = Release|Any CPU
		{FE2A8503-0922-4A83-9BEB-3AF2717C7D02}.Release|Any CPU.Build.0 = Release|Any CPU
		{FE2A8503-0922-4A83-9BEB-3AF2717C7D02}.Release|x64.ActiveCfg = Release|Any CPU
		{FE2A8503-0922-4A83-9BEB-3AF2717C7D02}.Release|x64.Build.0 = Release|Any CPU
		{FE2A8503-0922-4A83-9BEB-3AF2717C7D02}.Release|x86.ActiveCfg = Release|Any CPU
		{FE2A8503-0922-4A83-9BEB-3AF2717C7D02}.Release|x86.Build.0 = Release|Any CPU
		{AA3EC2AD-EA0F-47E9-806B-B42B834736CE}.Debug|Any CPU.ActiveCfg = Debug|Any CPU
		{AA3EC2AD-EA0F-47E9-806B-B42B834736CE}.Debug|Any CPU.Build.0 = Debug|Any CPU
		{AA3EC2AD-EA0F-47E9-806B-B42B834736CE}.Debug|x64.ActiveCfg = Debug|Any CPU
		{AA3EC2AD-EA0F-47E9-806B-B42B834736CE}.Debug|x64.Build.0 = Debug|Any CPU
		{AA3EC2AD-EA0F-47E9-806B-B42B834736CE}.Debug|x86.ActiveCfg = Debug|Any CPU
		{AA3EC2AD-EA0F-47E9-806B-B42B834736CE}.Debug|x86.Build.0 = Debug|Any CPU
		{AA3EC2AD-EA0F-47E9-806B-B42B834736CE}.Release|Any CPU.ActiveCfg = Release|Any CPU
		{AA3EC2AD-EA0F-47E9-806B-B42B834736CE}.Release|Any CPU.Build.0 = Release|Any CPU
		{AA3EC2AD-EA0F-47E9-806B-B42B834736CE}.Release|x64.ActiveCfg = Release|Any CPU
		{AA3EC2AD-EA0F-47E9-806B-B42B834736CE}.Release|x64.Build.0 = Release|Any CPU
		{AA3EC2AD-EA0F-47E9-806B-B42B834736CE}.Release|x86.ActiveCfg = Release|Any CPU
		{AA3EC2AD-EA0F-47E9-806B-B42B834736CE}.Release|x86.Build.0 = Release|Any CPU
		{0C9E0373-D355-49FC-AF69-E1788BB28CE5}.Debug|Any CPU.ActiveCfg = Debug|Any CPU
		{0C9E0373-D355-49FC-AF69-E1788BB28CE5}.Debug|Any CPU.Build.0 = Debug|Any CPU
		{0C9E0373-D355-49FC-AF69-E1788BB28CE5}.Debug|x64.ActiveCfg = Debug|Any CPU
		{0C9E0373-D355-49FC-AF69-E1788BB28CE5}.Debug|x64.Build.0 = Debug|Any CPU
		{0C9E0373-D355-49FC-AF69-E1788BB28CE5}.Debug|x86.ActiveCfg = Debug|Any CPU
		{0C9E0373-D355-49FC-AF69-E1788BB28CE5}.Debug|x86.Build.0 = Debug|Any CPU
		{0C9E0373-D355-49FC-AF69-E1788BB28CE5}.Release|Any CPU.ActiveCfg = Release|Any CPU
		{0C9E0373-D355-49FC-AF69-E1788BB28CE5}.Release|Any CPU.Build.0 = Release|Any CPU
		{0C9E0373-D355-49FC-AF69-E1788BB28CE5}.Release|x64.ActiveCfg = Release|Any CPU
		{0C9E0373-D355-49FC-AF69-E1788BB28CE5}.Release|x64.Build.0 = Release|Any CPU
		{0C9E0373-D355-49FC-AF69-E1788BB28CE5}.Release|x86.ActiveCfg = Release|Any CPU
		{0C9E0373-D355-49FC-AF69-E1788BB28CE5}.Release|x86.Build.0 = Release|Any CPU
		{D72CC2AE-2B56-483E-B191-DD8CA6E245EE}.Debug|Any CPU.ActiveCfg = Debug|Any CPU
		{D72CC2AE-2B56-483E-B191-DD8CA6E245EE}.Debug|Any CPU.Build.0 = Debug|Any CPU
		{D72CC2AE-2B56-483E-B191-DD8CA6E245EE}.Debug|x64.ActiveCfg = Debug|Any CPU
		{D72CC2AE-2B56-483E-B191-DD8CA6E245EE}.Debug|x64.Build.0 = Debug|Any CPU
		{D72CC2AE-2B56-483E-B191-DD8CA6E245EE}.Debug|x86.ActiveCfg = Debug|Any CPU
		{D72CC2AE-2B56-483E-B191-DD8CA6E245EE}.Debug|x86.Build.0 = Debug|Any CPU
		{D72CC2AE-2B56-483E-B191-DD8CA6E245EE}.Release|Any CPU.ActiveCfg = Release|Any CPU
		{D72CC2AE-2B56-483E-B191-DD8CA6E245EE}.Release|Any CPU.Build.0 = Release|Any CPU
		{D72CC2AE-2B56-483E-B191-DD8CA6E245EE}.Release|x64.ActiveCfg = Release|Any CPU
		{D72CC2AE-2B56-483E-B191-DD8CA6E245EE}.Release|x64.Build.0 = Release|Any CPU
		{D72CC2AE-2B56-483E-B191-DD8CA6E245EE}.Release|x86.ActiveCfg = Release|Any CPU
		{D72CC2AE-2B56-483E-B191-DD8CA6E245EE}.Release|x86.Build.0 = Release|Any CPU
		{4DD69E60-69C5-43F3-938D-029D04A84081}.Debug|Any CPU.ActiveCfg = Debug|Any CPU
		{4DD69E60-69C5-43F3-938D-029D04A84081}.Debug|Any CPU.Build.0 = Debug|Any CPU
		{4DD69E60-69C5-43F3-938D-029D04A84081}.Debug|x64.ActiveCfg = Debug|Any CPU
		{4DD69E60-69C5-43F3-938D-029D04A84081}.Debug|x64.Build.0 = Debug|Any CPU
		{4DD69E60-69C5-43F3-938D-029D04A84081}.Debug|x86.ActiveCfg = Debug|Any CPU
		{4DD69E60-69C5-43F3-938D-029D04A84081}.Debug|x86.Build.0 = Debug|Any CPU
		{4DD69E60-69C5-43F3-938D-029D04A84081}.Release|Any CPU.ActiveCfg = Release|Any CPU
		{4DD69E60-69C5-43F3-938D-029D04A84081}.Release|Any CPU.Build.0 = Release|Any CPU
		{4DD69E60-69C5-43F3-938D-029D04A84081}.Release|x64.ActiveCfg = Release|Any CPU
		{4DD69E60-69C5-43F3-938D-029D04A84081}.Release|x64.Build.0 = Release|Any CPU
		{4DD69E60-69C5-43F3-938D-029D04A84081}.Release|x86.ActiveCfg = Release|Any CPU
		{4DD69E60-69C5-43F3-938D-029D04A84081}.Release|x86.Build.0 = Release|Any CPU
		{5AE65E75-D3E0-4364-BA53-318DA5B85439}.Debug|Any CPU.ActiveCfg = Debug|Any CPU
		{5AE65E75-D3E0-4364-BA53-318DA5B85439}.Debug|Any CPU.Build.0 = Debug|Any CPU
		{5AE65E75-D3E0-4364-BA53-318DA5B85439}.Debug|x64.ActiveCfg = Debug|Any CPU
		{5AE65E75-D3E0-4364-BA53-318DA5B85439}.Debug|x64.Build.0 = Debug|Any CPU
		{5AE65E75-D3E0-4364-BA53-318DA5B85439}.Debug|x86.ActiveCfg = Debug|Any CPU
		{5AE65E75-D3E0-4364-BA53-318DA5B85439}.Debug|x86.Build.0 = Debug|Any CPU
		{5AE65E75-D3E0-4364-BA53-318DA5B85439}.Release|Any CPU.ActiveCfg = Release|Any CPU
		{5AE65E75-D3E0-4364-BA53-318DA5B85439}.Release|Any CPU.Build.0 = Release|Any CPU
		{5AE65E75-D3E0-4364-BA53-318DA5B85439}.Release|x64.ActiveCfg = Release|Any CPU
		{5AE65E75-D3E0-4364-BA53-318DA5B85439}.Release|x64.Build.0 = Release|Any CPU
		{5AE65E75-D3E0-4364-BA53-318DA5B85439}.Release|x86.ActiveCfg = Release|Any CPU
		{5AE65E75-D3E0-4364-BA53-318DA5B85439}.Release|x86.Build.0 = Release|Any CPU
		{6788F656-81DD-49C6-8EF0-CA872331F656}.Debug|Any CPU.ActiveCfg = Debug|Any CPU
		{6788F656-81DD-49C6-8EF0-CA872331F656}.Debug|Any CPU.Build.0 = Debug|Any CPU
		{6788F656-81DD-49C6-8EF0-CA872331F656}.Debug|x64.ActiveCfg = Debug|Any CPU
		{6788F656-81DD-49C6-8EF0-CA872331F656}.Debug|x64.Build.0 = Debug|Any CPU
		{6788F656-81DD-49C6-8EF0-CA872331F656}.Debug|x86.ActiveCfg = Debug|Any CPU
		{6788F656-81DD-49C6-8EF0-CA872331F656}.Debug|x86.Build.0 = Debug|Any CPU
		{6788F656-81DD-49C6-8EF0-CA872331F656}.Release|Any CPU.ActiveCfg = Release|Any CPU
		{6788F656-81DD-49C6-8EF0-CA872331F656}.Release|Any CPU.Build.0 = Release|Any CPU
		{6788F656-81DD-49C6-8EF0-CA872331F656}.Release|x64.ActiveCfg = Release|Any CPU
		{6788F656-81DD-49C6-8EF0-CA872331F656}.Release|x64.Build.0 = Release|Any CPU
		{6788F656-81DD-49C6-8EF0-CA872331F656}.Release|x86.ActiveCfg = Release|Any CPU
		{6788F656-81DD-49C6-8EF0-CA872331F656}.Release|x86.Build.0 = Release|Any CPU
		{55B7D9C5-AD0A-46D8-900A-5BB9E8D23257}.Debug|Any CPU.ActiveCfg = Debug|Any CPU
		{55B7D9C5-AD0A-46D8-900A-5BB9E8D23257}.Debug|Any CPU.Build.0 = Debug|Any CPU
		{55B7D9C5-AD0A-46D8-900A-5BB9E8D23257}.Debug|x64.ActiveCfg = Debug|Any CPU
		{55B7D9C5-AD0A-46D8-900A-5BB9E8D23257}.Debug|x64.Build.0 = Debug|Any CPU
		{55B7D9C5-AD0A-46D8-900A-5BB9E8D23257}.Debug|x86.ActiveCfg = Debug|Any CPU
		{55B7D9C5-AD0A-46D8-900A-5BB9E8D23257}.Debug|x86.Build.0 = Debug|Any CPU
		{55B7D9C5-AD0A-46D8-900A-5BB9E8D23257}.Release|Any CPU.ActiveCfg = Release|Any CPU
		{55B7D9C5-AD0A-46D8-900A-5BB9E8D23257}.Release|Any CPU.Build.0 = Release|Any CPU
		{55B7D9C5-AD0A-46D8-900A-5BB9E8D23257}.Release|x64.ActiveCfg = Release|Any CPU
		{55B7D9C5-AD0A-46D8-900A-5BB9E8D23257}.Release|x64.Build.0 = Release|Any CPU
		{55B7D9C5-AD0A-46D8-900A-5BB9E8D23257}.Release|x86.ActiveCfg = Release|Any CPU
		{55B7D9C5-AD0A-46D8-900A-5BB9E8D23257}.Release|x86.Build.0 = Release|Any CPU
		{F3117B43-58C2-4757-8B33-8ED0E89E3482}.Debug|Any CPU.ActiveCfg = Debug|Any CPU
		{F3117B43-58C2-4757-8B33-8ED0E89E3482}.Debug|Any CPU.Build.0 = Debug|Any CPU
		{F3117B43-58C2-4757-8B33-8ED0E89E3482}.Debug|x64.ActiveCfg = Debug|Any CPU
		{F3117B43-58C2-4757-8B33-8ED0E89E3482}.Debug|x64.Build.0 = Debug|Any CPU
		{F3117B43-58C2-4757-8B33-8ED0E89E3482}.Debug|x86.ActiveCfg = Debug|Any CPU
		{F3117B43-58C2-4757-8B33-8ED0E89E3482}.Debug|x86.Build.0 = Debug|Any CPU
		{F3117B43-58C2-4757-8B33-8ED0E89E3482}.Release|Any CPU.ActiveCfg = Release|Any CPU
		{F3117B43-58C2-4757-8B33-8ED0E89E3482}.Release|Any CPU.Build.0 = Release|Any CPU
		{F3117B43-58C2-4757-8B33-8ED0E89E3482}.Release|x64.ActiveCfg = Release|Any CPU
		{F3117B43-58C2-4757-8B33-8ED0E89E3482}.Release|x64.Build.0 = Release|Any CPU
		{F3117B43-58C2-4757-8B33-8ED0E89E3482}.Release|x86.ActiveCfg = Release|Any CPU
		{F3117B43-58C2-4757-8B33-8ED0E89E3482}.Release|x86.Build.0 = Release|Any CPU
		{A30D80AB-DD68-4644-864B-4A284A4C2852}.Debug|Any CPU.ActiveCfg = Debug|Any CPU
		{A30D80AB-DD68-4644-864B-4A284A4C2852}.Debug|Any CPU.Build.0 = Debug|Any CPU
		{A30D80AB-DD68-4644-864B-4A284A4C2852}.Debug|x64.ActiveCfg = Debug|Any CPU
		{A30D80AB-DD68-4644-864B-4A284A4C2852}.Debug|x64.Build.0 = Debug|Any CPU
		{A30D80AB-DD68-4644-864B-4A284A4C2852}.Debug|x86.ActiveCfg = Debug|Any CPU
		{A30D80AB-DD68-4644-864B-4A284A4C2852}.Debug|x86.Build.0 = Debug|Any CPU
		{A30D80AB-DD68-4644-864B-4A284A4C2852}.Release|Any CPU.ActiveCfg = Release|Any CPU
		{A30D80AB-DD68-4644-864B-4A284A4C2852}.Release|Any CPU.Build.0 = Release|Any CPU
		{A30D80AB-DD68-4644-864B-4A284A4C2852}.Release|x64.ActiveCfg = Release|Any CPU
		{A30D80AB-DD68-4644-864B-4A284A4C2852}.Release|x64.Build.0 = Release|Any CPU
		{A30D80AB-DD68-4644-864B-4A284A4C2852}.Release|x86.ActiveCfg = Release|Any CPU
		{A30D80AB-DD68-4644-864B-4A284A4C2852}.Release|x86.Build.0 = Release|Any CPU
		{78C1161D-C9DF-9EF1-E092-7B4B4D24216A}.Debug|Any CPU.ActiveCfg = Debug|Any CPU
		{78C1161D-C9DF-9EF1-E092-7B4B4D24216A}.Debug|Any CPU.Build.0 = Debug|Any CPU
		{78C1161D-C9DF-9EF1-E092-7B4B4D24216A}.Debug|x64.ActiveCfg = Debug|Any CPU
		{78C1161D-C9DF-9EF1-E092-7B4B4D24216A}.Debug|x64.Build.0 = Debug|Any CPU
		{78C1161D-C9DF-9EF1-E092-7B4B4D24216A}.Debug|x86.ActiveCfg = Debug|Any CPU
		{78C1161D-C9DF-9EF1-E092-7B4B4D24216A}.Debug|x86.Build.0 = Debug|Any CPU
		{78C1161D-C9DF-9EF1-E092-7B4B4D24216A}.Release|Any CPU.ActiveCfg = Release|Any CPU
		{78C1161D-C9DF-9EF1-E092-7B4B4D24216A}.Release|Any CPU.Build.0 = Release|Any CPU
		{78C1161D-C9DF-9EF1-E092-7B4B4D24216A}.Release|x64.ActiveCfg = Release|Any CPU
		{78C1161D-C9DF-9EF1-E092-7B4B4D24216A}.Release|x64.Build.0 = Release|Any CPU
		{78C1161D-C9DF-9EF1-E092-7B4B4D24216A}.Release|x86.ActiveCfg = Release|Any CPU
		{78C1161D-C9DF-9EF1-E092-7B4B4D24216A}.Release|x86.Build.0 = Release|Any CPU
	EndGlobalSection
	GlobalSection(SolutionProperties) = preSolution
		HideSolutionNode = FALSE
	EndGlobalSection
	GlobalSection(NestedProjects) = preSolution
		{C3EE3B54-948F-4515-B605-6F79BBEE087F} = {827E0CD3-B72D-47B6-A68D-7590B98EB39B}
		{F0AC10E0-F705-4EEB-976B-848C6F6B4579} = {827E0CD3-B72D-47B6-A68D-7590B98EB39B}
		{503293B6-87E9-4B9E-8A1E-2515B20734EE} = {827E0CD3-B72D-47B6-A68D-7590B98EB39B}
		{59D338BC-9303-4E5F-A77C-E292121639BA} = {827E0CD3-B72D-47B6-A68D-7590B98EB39B}
		{FE2A8503-0922-4A83-9BEB-3AF2717C7D02} = {827E0CD3-B72D-47B6-A68D-7590B98EB39B}
		{AA3EC2AD-EA0F-47E9-806B-B42B834736CE} = {827E0CD3-B72D-47B6-A68D-7590B98EB39B}
		{0C9E0373-D355-49FC-AF69-E1788BB28CE5} = {827E0CD3-B72D-47B6-A68D-7590B98EB39B}
		{D72CC2AE-2B56-483E-B191-DD8CA6E245EE} = {827E0CD3-B72D-47B6-A68D-7590B98EB39B}
		{4DD69E60-69C5-43F3-938D-029D04A84081} = {90DCE71B-4939-B80A-CE8C-85DE2210C7AC}
		{5AE65E75-D3E0-4364-BA53-318DA5B85439} = {0AB3BF05-4346-4AA6-1389-037BE0695223}
		{6788F656-81DD-49C6-8EF0-CA872331F656} = {0AB3BF05-4346-4AA6-1389-037BE0695223}
		{55B7D9C5-AD0A-46D8-900A-5BB9E8D23257} = {0AB3BF05-4346-4AA6-1389-037BE0695223}
		{F3117B43-58C2-4757-8B33-8ED0E89E3482} = {0AB3BF05-4346-4AA6-1389-037BE0695223}
		{A30D80AB-DD68-4644-864B-4A284A4C2852} = {0AB3BF05-4346-4AA6-1389-037BE0695223}
		{7DC17D2F-C67F-4FAF-A14E-1AD38622DF64} = {D8CE8953-CFE5-4F1A-909D-F7994D31A67B}
		{78C1161D-C9DF-9EF1-E092-7B4B4D24216A} = {827E0CD3-B72D-47B6-A68D-7590B98EB39B}
	EndGlobalSection
	GlobalSection(ExtensibilityGlobals) = postSolution
		SolutionGuid = {86A64518-AC75-41A1-BE17-61406B23D534}
	EndGlobalSection
EndGlobal
